
Microsoft Visual Studio Solution File, Format Version 12.00
# Visual Studio 14
VisualStudioVersion = 14.0.25420.1
MinimumVisualStudioVersion = 10.0.40219.1
Project("{FAE04EC0-301F-11D3-BF4B-00C04F79EFBC}") = "Lab1", "VRSN.Lab1\Lab1.csproj", "{48C41EFF-FA42-48FE-AB96-A20BA990D9C7}"
EndProject
Project("{FAE04EC0-301F-11D3-BF4B-00C04F79EFBC}") = "Lab2", "Lab2\Lab2.csproj", "{6E067C4F-6B87-4F13-85F8-E34883535E3E}"
EndProject
Project("{FAE04EC0-301F-11D3-BF4B-00C04F79EFBC}") = "FormForLab2", "FormForLab2\FormForLab2.csproj", "{14F3E021-B278-427F-B51F-1995FD66EC49}"
EndProject
Project("{FAE04EC0-301F-11D3-BF4B-00C04F79EFBC}") = "LibraryLab2", "LibraryLab2\LibraryLab2.csproj", "{B0D938BC-CEDE-48DA-B0BF-30A3DBA1FA59}"
EndProject
Project("{FAE04EC0-301F-11D3-BF4B-00C04F79EFBC}") = "LabsTests", "Lab2Tests\LabsTests.csproj", "{CF334C03-37F6-453D-916B-2A03CF0B2148}"
EndProject
Project("{FAE04EC0-301F-11D3-BF4B-00C04F79EFBC}") = "Lab3Form", "Lab3Form\Lab3Form.csproj", "{6E11DE35-85E5-4C86-BE7D-0527C2F8CE48}"
EndProject
Project("{FAE04EC0-301F-11D3-BF4B-00C04F79EFBC}") = "Lab4Form", "Lab4Form\Lab4Form.csproj", "{1CD7041B-B5DC-4FB6-BD74-30EEBFC339C8}"
EndProject
Project("{FAE04EC0-301F-11D3-BF4B-00C04F79EFBC}") = "Lab5Form", "Lab5Form\Lab5Form.csproj", "{1943F830-F1A8-43D5-B4F6-F3FED62E1ACF}"
EndProject
Project("{FAE04EC0-301F-11D3-BF4B-00C04F79EFBC}") = "Lab6Form", "Lab6Form\Lab6Form.csproj", "{84A50349-9921-4204-9BD4-671A07484960}"
EndProject
Global
	GlobalSection(SolutionConfigurationPlatforms) = preSolution
		Debug|Any CPU = Debug|Any CPU
		Release|Any CPU = Release|Any CPU
	EndGlobalSection
	GlobalSection(ProjectConfigurationPlatforms) = postSolution
		{48C41EFF-FA42-48FE-AB96-A20BA990D9C7}.Debug|Any CPU.ActiveCfg = Debug|Any CPU
		{48C41EFF-FA42-48FE-AB96-A20BA990D9C7}.Debug|Any CPU.Build.0 = Debug|Any CPU
		{48C41EFF-FA42-48FE-AB96-A20BA990D9C7}.Release|Any CPU.ActiveCfg = Release|Any CPU
		{48C41EFF-FA42-48FE-AB96-A20BA990D9C7}.Release|Any CPU.Build.0 = Release|Any CPU
		{6E067C4F-6B87-4F13-85F8-E34883535E3E}.Debug|Any CPU.ActiveCfg = Debug|Any CPU
		{6E067C4F-6B87-4F13-85F8-E34883535E3E}.Debug|Any CPU.Build.0 = Debug|Any CPU
		{6E067C4F-6B87-4F13-85F8-E34883535E3E}.Release|Any CPU.ActiveCfg = Release|Any CPU
		{6E067C4F-6B87-4F13-85F8-E34883535E3E}.Release|Any CPU.Build.0 = Release|Any CPU
		{14F3E021-B278-427F-B51F-1995FD66EC49}.Debug|Any CPU.ActiveCfg = Debug|Any CPU
		{14F3E021-B278-427F-B51F-1995FD66EC49}.Debug|Any CPU.Build.0 = Debug|Any CPU
		{14F3E021-B278-427F-B51F-1995FD66EC49}.Release|Any CPU.ActiveCfg = Release|Any CPU
		{14F3E021-B278-427F-B51F-1995FD66EC49}.Release|Any CPU.Build.0 = Release|Any CPU
		{B0D938BC-CEDE-48DA-B0BF-30A3DBA1FA59}.Debug|Any CPU.ActiveCfg = Debug|Any CPU
		{B0D938BC-CEDE-48DA-B0BF-30A3DBA1FA59}.Debug|Any CPU.Build.0 = Debug|Any CPU
		{B0D938BC-CEDE-48DA-B0BF-30A3DBA1FA59}.Release|Any CPU.ActiveCfg = Release|Any CPU
		{B0D938BC-CEDE-48DA-B0BF-30A3DBA1FA59}.Release|Any CPU.Build.0 = Release|Any CPU
		{CF334C03-37F6-453D-916B-2A03CF0B2148}.Debug|Any CPU.ActiveCfg = Debug|Any CPU
		{CF334C03-37F6-453D-916B-2A03CF0B2148}.Debug|Any CPU.Build.0 = Debug|Any CPU
		{CF334C03-37F6-453D-916B-2A03CF0B2148}.Release|Any CPU.ActiveCfg = Release|Any CPU
		{CF334C03-37F6-453D-916B-2A03CF0B2148}.Release|Any CPU.Build.0 = Release|Any CPU
		{6E11DE35-85E5-4C86-BE7D-0527C2F8CE48}.Debug|Any CPU.ActiveCfg = Debug|Any CPU
		{6E11DE35-85E5-4C86-BE7D-0527C2F8CE48}.Debug|Any CPU.Build.0 = Debug|Any CPU
		{6E11DE35-85E5-4C86-BE7D-0527C2F8CE48}.Release|Any CPU.ActiveCfg = Release|Any CPU
		{6E11DE35-85E5-4C86-BE7D-0527C2F8CE48}.Release|Any CPU.Build.0 = Release|Any CPU
		{1CD7041B-B5DC-4FB6-BD74-30EEBFC339C8}.Debug|Any CPU.ActiveCfg = Debug|Any CPU
		{1CD7041B-B5DC-4FB6-BD74-30EEBFC339C8}.Debug|Any CPU.Build.0 = Debug|Any CPU
		{1CD7041B-B5DC-4FB6-BD74-30EEBFC339C8}.Release|Any CPU.ActiveCfg = Release|Any CPU
		{1CD7041B-B5DC-4FB6-BD74-30EEBFC339C8}.Release|Any CPU.Build.0 = Release|Any CPU
		{1943F830-F1A8-43D5-B4F6-F3FED62E1ACF}.Debug|Any CPU.ActiveCfg = Debug|Any CPU
		{1943F830-F1A8-43D5-B4F6-F3FED62E1ACF}.Debug|Any CPU.Build.0 = Debug|Any CPU
		{1943F830-F1A8-43D5-B4F6-F3FED62E1ACF}.Release|Any CPU.ActiveCfg = Release|Any CPU
		{1943F830-F1A8-43D5-B4F6-F3FED62E1ACF}.Release|Any CPU.Build.0 = Release|Any CPU
		{84A50349-9921-4204-9BD4-671A07484960}.Debug|Any CPU.ActiveCfg = Debug|Any CPU
		{84A50349-9921-4204-9BD4-671A07484960}.Debug|Any CPU.Build.0 = Debug|Any CPU
		{84A50349-9921-4204-9BD4-671A07484960}.Release|Any CPU.ActiveCfg = Release|Any CPU
		{84A50349-9921-4204-9BD4-671A07484960}.Release|Any CPU.Build.0 = Release|Any CPU
	EndGlobalSection
	GlobalSection(SolutionProperties) = preSolution
		HideSolutionNode = FALSE
	EndGlobalSection
EndGlobal
